
Microsoft Visual Studio Solution File, Format Version 12.00
# Visual Studio Version 16
VisualStudioVersion = 16.0.29123.88
MinimumVisualStudioVersion = 10.0.40219.1
Project("{FAE04EC0-301F-11D3-BF4B-00C04F79EFBC}") = "UploadFile.MVC", "UploadFile.MVC.csproj", "{239707BE-358C-4A27-A16B-993C029A1891}"
EndProject
Project("{FAE04EC0-301F-11D3-BF4B-00C04F79EFBC}") = "UploadFile.BAL", "..\UploadFile.BAL\UploadFile.BAL.csproj", "{C24D110D-0EE5-406B-8D76-C91E13243B04}"
EndProject
Global
	GlobalSection(SolutionConfigurationPlatforms) = preSolution
		Debug|Any CPU = Debug|Any CPU
		Release|Any CPU = Release|Any CPU
	EndGlobalSection
	GlobalSection(ProjectConfigurationPlatforms) = postSolution
		{239707BE-358C-4A27-A16B-993C029A1891}.Debug|Any CPU.ActiveCfg = Debug|Any CPU
		{239707BE-358C-4A27-A16B-993C029A1891}.Debug|Any CPU.Build.0 = Debug|Any CPU
		{239707BE-358C-4A27-A16B-993C029A1891}.Release|Any CPU.ActiveCfg = Release|Any CPU
		{239707BE-358C-4A27-A16B-993C029A1891}.Release|Any CPU.Build.0 = Release|Any CPU
		{C24D110D-0EE5-406B-8D76-C91E13243B04}.Debug|Any CPU.ActiveCfg = Debug|Any CPU
		{C24D110D-0EE5-406B-8D76-C91E13243B04}.Debug|Any CPU.Build.0 = Debug|Any CPU
		{C24D110D-0EE5-406B-8D76-C91E13243B04}.Release|Any CPU.ActiveCfg = Release|Any CPU
		{C24D110D-0EE5-406B-8D76-C91E13243B04}.Release|Any CPU.Build.0 = Release|Any CPU
	EndGlobalSection
	GlobalSection(SolutionProperties) = preSolution
		HideSolutionNode = FALSE
	EndGlobalSection
	GlobalSection(ExtensibilityGlobals) = postSolution
		SolutionGuid = {160D17DA-B704-4815-AE47-4AAFF4EF8D64}
	EndGlobalSection
EndGlobal
